
Microsoft Visual Studio Solution File, Format Version 12.00
# Visual Studio 16
Project("{FAE04EC0-301F-11D3-BF4B-00C04F79EFBC}") = "Assembly-CSharp", "Assembly-CSharp.csproj", "{0B4B3C0F-48D2-7ED2-C69F-47F0155ECA0E}"
EndProject
Project("{FAE04EC0-301F-11D3-BF4B-00C04F79EFBC}") = "Oculus.VR", "Oculus.VR.csproj", "{8611442F-F7FC-6992-099F-09A66095EF42}"
EndProject
Project("{FAE04EC0-301F-11D3-BF4B-00C04F79EFBC}") = "Assembly-CSharp-Editor", "Assembly-CSharp-Editor.csproj", "{24F5600D-B4CE-E17E-A3C1-73C84DD2AA5D}"
EndProject
Project("{FAE04EC0-301F-11D3-BF4B-00C04F79EFBC}") = "Oculus.VR.Scripts.Editor", "Oculus.VR.Scripts.Editor.csproj", "{618D83D7-B197-1D5C-B2AD-575FB799AFFF}"
EndProject
Project("{FAE04EC0-301F-11D3-BF4B-00C04F79EFBC}") = "Oculus.VR.Editor", "Oculus.VR.Editor.csproj", "{E912E121-4466-9C97-A9AE-79870C2593E9}"
EndProject
Global
	GlobalSection(SolutionConfigurationPlatforms) = preSolution
		Debug|Any CPU = Debug|Any CPU
		Release|Any CPU = Release|Any CPU
	EndGlobalSection
	GlobalSection(ProjectConfigurationPlatforms) = postSolution
		{0B4B3C0F-48D2-7ED2-C69F-47F0155ECA0E}.Debug|Any CPU.ActiveCfg = Debug|Any CPU
		{0B4B3C0F-48D2-7ED2-C69F-47F0155ECA0E}.Debug|Any CPU.Build.0 = Debug|Any CPU
		{0B4B3C0F-48D2-7ED2-C69F-47F0155ECA0E}.Release|Any CPU.ActiveCfg = Release|Any CPU
		{0B4B3C0F-48D2-7ED2-C69F-47F0155ECA0E}.Release|Any CPU.Build.0 = Release|Any CPU
		{8611442F-F7FC-6992-099F-09A66095EF42}.Debug|Any CPU.ActiveCfg = Debug|Any CPU
		{8611442F-F7FC-6992-099F-09A66095EF42}.Debug|Any CPU.Build.0 = Debug|Any CPU
		{8611442F-F7FC-6992-099F-09A66095EF42}.Release|Any CPU.ActiveCfg = Release|Any CPU
		{8611442F-F7FC-6992-099F-09A66095EF42}.Release|Any CPU.Build.0 = Release|Any CPU
		{24F5600D-B4CE-E17E-A3C1-73C84DD2AA5D}.Debug|Any CPU.ActiveCfg = Debug|Any CPU
		{24F5600D-B4CE-E17E-A3C1-73C84DD2AA5D}.Debug|Any CPU.Build.0 = Debug|Any CPU
		{24F5600D-B4CE-E17E-A3C1-73C84DD2AA5D}.Release|Any CPU.ActiveCfg = Release|Any CPU
		{24F5600D-B4CE-E17E-A3C1-73C84DD2AA5D}.Release|Any CPU.Build.0 = Release|Any CPU
		{618D83D7-B197-1D5C-B2AD-575FB799AFFF}.Debug|Any CPU.ActiveCfg = Debug|Any CPU
		{618D83D7-B197-1D5C-B2AD-575FB799AFFF}.Debug|Any CPU.Build.0 = Debug|Any CPU
		{618D83D7-B197-1D5C-B2AD-575FB799AFFF}.Release|Any CPU.ActiveCfg = Release|Any CPU
		{618D83D7-B197-1D5C-B2AD-575FB799AFFF}.Release|Any CPU.Build.0 = Release|Any CPU
		{E912E121-4466-9C97-A9AE-79870C2593E9}.Debug|Any CPU.ActiveCfg = Debug|Any CPU
		{E912E121-4466-9C97-A9AE-79870C2593E9}.Debug|Any CPU.Build.0 = Debug|Any CPU
		{E912E121-4466-9C97-A9AE-79870C2593E9}.Release|Any CPU.ActiveCfg = Release|Any CPU
		{E912E121-4466-9C97-A9AE-79870C2593E9}.Release|Any CPU.Build.0 = Release|Any CPU
	EndGlobalSection
	GlobalSection(SolutionProperties) = preSolution
		HideSolutionNode = FALSE
	EndGlobalSection
	GlobalSection(MonoDevelopProperties) = preSolution
		StartupItem = Assembly-CSharp.csproj
	EndGlobalSection
EndGlobal
